
Microsoft Visual Studio Solution File, Format Version 12.00
# Visual Studio 15
VisualStudioVersion = 15.0.28307.1340
MinimumVisualStudioVersion = 10.0.40219.1
Project("{FAE04EC0-301F-11D3-BF4B-00C04F79EFBC}") = "BDLavacar", "BDLavacar\BDLavacar.csproj", "{3DF96640-1275-46B1-ADD6-9D5AC8B88D5A}"
EndProject
Global
	GlobalSection(SolutionConfigurationPlatforms) = preSolution
		Debug|Any CPU = Debug|Any CPU
		Release|Any CPU = Release|Any CPU
	EndGlobalSection
	GlobalSection(ProjectConfigurationPlatforms) = postSolution
		{3DF96640-1275-46B1-ADD6-9D5AC8B88D5A}.Debug|Any CPU.ActiveCfg = Debug|Any CPU
		{3DF96640-1275-46B1-ADD6-9D5AC8B88D5A}.Debug|Any CPU.Build.0 = Debug|Any CPU
		{3DF96640-1275-46B1-ADD6-9D5AC8B88D5A}.Release|Any CPU.ActiveCfg = Release|Any CPU
		{3DF96640-1275-46B1-ADD6-9D5AC8B88D5A}.Release|Any CPU.Build.0 = Release|Any CPU
	EndGlobalSection
	GlobalSection(SolutionProperties) = preSolution
		HideSolutionNode = FALSE
	EndGlobalSection
	GlobalSection(ExtensibilityGlobals) = postSolution
		SolutionGuid = {B75FFFBF-E92A-4740-BD07-C640A108F689}
	EndGlobalSection
EndGlobal
